
Microsoft Visual Studio Solution File, Format Version 12.00
# Visual Studio 15
VisualStudioVersion = 15.0.27130.2027
MinimumVisualStudioVersion = 10.0.40219.1
Project("{FAE04EC0-301F-11D3-BF4B-00C04F79EFBC}") = "AddressSearch1", "AddressSearch1\AddressSearch1.csproj", "{DF9D74E4-EF0C-4D42-8B0D-DD997637E3EE}"
EndProject
Global
	GlobalSection(SolutionConfigurationPlatforms) = preSolution
		Debug|Any CPU = Debug|Any CPU
		Release|Any CPU = Release|Any CPU
	EndGlobalSection
	GlobalSection(ProjectConfigurationPlatforms) = postSolution
		{DF9D74E4-EF0C-4D42-8B0D-DD997637E3EE}.Debug|Any CPU.ActiveCfg = Debug|Any CPU
		{DF9D74E4-EF0C-4D42-8B0D-DD997637E3EE}.Debug|Any CPU.Build.0 = Debug|Any CPU
		{DF9D74E4-EF0C-4D42-8B0D-DD997637E3EE}.Release|Any CPU.ActiveCfg = Release|Any CPU
		{DF9D74E4-EF0C-4D42-8B0D-DD997637E3EE}.Release|Any CPU.Build.0 = Release|Any CPU
	EndGlobalSection
	GlobalSection(SolutionProperties) = preSolution
		HideSolutionNode = FALSE
	EndGlobalSection
	GlobalSection(ExtensibilityGlobals) = postSolution
		SolutionGuid = {FC88F693-ABD8-4DF4-9BD1-D36076D4552B}
	EndGlobalSection
EndGlobal
